
Microsoft Visual Studio Solution File, Format Version 12.00
# Visual Studio Version 16
VisualStudioVersion = 25.0.1704.3
MinimumVisualStudioVersion = 10.0.40219.1
Project("{FAE04EC0-301F-11D3-BF4B-00C04F79EFBC}") = "Monitor", "Monitor.csproj", "{74B81E73-1596-41AC-A223-9350AF76EF80}"
EndProject
Global
	GlobalSection(SolutionConfigurationPlatforms) = preSolution
		Debug|Any CPU = Debug|Any CPU
		Release|Any CPU = Release|Any CPU
	EndGlobalSection
	GlobalSection(ProjectConfigurationPlatforms) = postSolution
		{74B81E73-1596-41AC-A223-9350AF76EF80}.Debug|Any CPU.ActiveCfg = Debug|Any CPU
		{74B81E73-1596-41AC-A223-9350AF76EF80}.Debug|Any CPU.Build.0 = Debug|Any CPU
		{74B81E73-1596-41AC-A223-9350AF76EF80}.Release|Any CPU.ActiveCfg = Release|Any CPU
		{74B81E73-1596-41AC-A223-9350AF76EF80}.Release|Any CPU.Build.0 = Release|Any CPU
	EndGlobalSection
	GlobalSection(SolutionProperties) = preSolution
		HideSolutionNode = FALSE
	EndGlobalSection
	GlobalSection(ExtensibilityGlobals) = postSolution
		SolutionGuid = {FFA88AE5-6846-4A97-B908-B07AA54D7598}
	EndGlobalSection
EndGlobal
